<?xml version="1.0" encoding="utf-8"?>
<Project ToolsVersion="4.0" xmlns="http://schemas.microsoft.com/developer/msbuild/2003">
  <ItemGroup>
    <ClCompile Include="src\main.cpp" />
    <ClCompile Include="src\Framework\Input\Input.cpp">
      <Filter>Framework\Input</Filter>
    </ClCompile>
    <ClCompile Include="src\Framework\Input\InputDirect.cpp">
      <Filter>Framework\Input</Filter>
    </ClCompile>
    <ClCompile Include="src\Framework\Input\InputKeyboard.cpp">
      <Filter>Framework\Input</Filter>
    </ClCompile>
    <ClCompile Include="src\Framework\Input\InputManager.cpp">
      <Filter>Framework\Input</Filter>
    </ClCompile>
    <ClCompile Include="src\Framework\Input\InputMouse.cpp">
      <Filter>Framework\Input</Filter>
    </ClCompile>
    <ClCompile Include="src\Framework\Input\InputXInput.cpp">
      <Filter>Framework\Input</Filter>
    </ClCompile>
    <ClCompile Include="src\Framework\GameWindow\GameDirectX.cpp">
      <Filter>Framework\GameWindow</Filter>
    </ClCompile>
    <ClCompile Include="src\Framework\GameWindow\GameWindow.cpp">
      <Filter>Framework\GameWindow</Filter>
    </ClCompile>
    <ClCompile Include="src\Framework\GameManager\GameManager.cpp">
      <Filter>Framework\GameManager</Filter>
    </ClCompile>
    <ClCompile Include="src\Framework\DebugProc\DebugProc.cpp">
      <Filter>Framework\DebugProc</Filter>
    </ClCompile>
    <ClCompile Include="src\Framework\Scene\SceneManager.cpp">
      <Filter>Framework\Scene</Filter>
    </ClCompile>
    <ClCompile Include="src\Application\Game\SceneGameFactory.cpp">
      <Filter>Application\Game</Filter>
    </ClCompile>
    <ClCompile Include="src\Application\Game\SceneGame.cpp">
      <Filter>Application\Game</Filter>
    </ClCompile>
    <ClCompile Include="src\Framework\Utility\MutexCreator.cpp">
      <Filter>Framework\Utilty</Filter>
    </ClCompile>
    <ClCompile Include="src\Framework\Utility\Mutex.cpp">
      <Filter>Framework\Utilty</Filter>
    </ClCompile>
    <ClCompile Include="src\Application\Object\AnimationObject\AnimationObject.cpp">
      <Filter>Application\Object\AnimationObject</Filter>
    </ClCompile>
    <ClCompile Include="src\Application\Object\AnimationObject\TextureAnimation.cpp">
      <Filter>Application\Object\AnimationObject</Filter>
    </ClCompile>
    <ClCompile Include="src\Application\Object\Uriel.cpp">
      <Filter>Application\Object</Filter>
    </ClCompile>
    <ClCompile Include="src\Application\Object\Tori.cpp">
      <Filter>Application\Object</Filter>
    </ClCompile>
    <ClCompile Include="src\Application\Object\player.cpp">
      <Filter>Application\Object</Filter>
    </ClCompile>
    <ClCompile Include="src\stdafx.cpp" />
    <ClCompile Include="src\Application\Object\Object.cpp">
      <Filter>Application\Object</Filter>
    </ClCompile>
    <ClCompile Include="src\Application\Object\Ready.cpp">
      <Filter>Application\Object</Filter>
    </ClCompile>
    <ClCompile Include="src\Application\Object\ObjectBase.cpp">
      <Filter>Application\Object</Filter>
    </ClCompile>
    <ClCompile Include="src\Application\Utility\ValueActiveUpdater.cpp">
      <Filter>Application\Utility</Filter>
    </ClCompile>
    <ClCompile Include="src\Application\Utility\ValuePassiveUpdater.cpp">
      <Filter>Application\Utility</Filter>
    </ClCompile>
    <ClCompile Include="src\Framework\Texture\TextureManager.cpp">
      <Filter>Framework\Texture</Filter>
    </ClCompile>
    <ClCompile Include="src\Application\Object\Object2D\Bar.cpp">
      <Filter>Application\Object\Object2D</Filter>
    </ClCompile>
    <ClCompile Include="src\Application\Object\Object2D\Board.cpp">
      <Filter>Application\Object\Object2D</Filter>
    </ClCompile>
    <ClCompile Include="src\Application\Object\Object2D\Frame.cpp">
      <Filter>Application\Object\Object2D</Filter>
    </ClCompile>
    <ClCompile Include="src\Application\Object\Object2D\Object2D.cpp">
      <Filter>Application\Object\Object2D</Filter>
    </ClCompile>
    <ClCompile Include="src\Application\Object\BackGround\BackGround.cpp">
      <Filter>Application\Object\BackGround</Filter>
    </ClCompile>
    <ClCompile Include="src\Application\Object\BackGround\BackGroundManager.cpp">
      <Filter>Application\Object\BackGround</Filter>
    </ClCompile>
    <ClCompile Include="src\Application\Collison\Collision.cpp">
      <Filter>Application\Collision</Filter>
    </ClCompile>
    <ClCompile Include="src\Framework\Collision\CollisionHelper.cpp">
      <Filter>Framework\Collision</Filter>
    </ClCompile>
    <ClCompile Include="src\Framework\Sound\sound.cpp">
      <Filter>Framework\Sound</Filter>
    </ClCompile>
    <ClCompile Include="src\Application\Object\Object2D\Timer.cpp">
      <Filter>Application\Object\Object2D</Filter>
    </ClCompile>
    <ClCompile Include="src\Application\Object\Object2D\NumberObject.cpp">
      <Filter>Application\Object\Object2D</Filter>
    </ClCompile>
    <ClCompile Include="src\Application\Controller\InputController.cpp">
      <Filter>Application\Controler</Filter>
    </ClCompile>
    <ClCompile Include="src\Application\Camera\camera.cpp">
      <Filter>Application\Camera</Filter>
    </ClCompile>
    <ClCompile Include="src\Framework\DrawDebugPrimitive\DrawPrimitive.cpp">
      <Filter>Framework\DrawDebugPrimitive</Filter>
    </ClCompile>
    <ClCompile Include="src\Framework\Fade\Fade.cpp">
      <Filter>Framework\Fade</Filter>
    </ClCompile>
    <ClCompile Include="src\Application\Result\SceneResult.cpp">
      <Filter>Application\Result</Filter>
    </ClCompile>
    <ClCompile Include="src\Application\Result\SceneResultFactory.cpp">
      <Filter>Application\Result</Filter>
    </ClCompile>
    <ClCompile Include="src\Application\Title\SceneTitle.cpp">
      <Filter>Application\Title</Filter>
    </ClCompile>
    <ClCompile Include="src\Application\Title\SceneTitleFactory.cpp">
      <Filter>Application\Title</Filter>
    </ClCompile>
    <ClCompile Include="src\Application\TitleBase\TitleCharBase.cpp">
      <Filter>Application\TitleBase</Filter>
    </ClCompile>
    <ClCompile Include="src\Application\Object\Object2D\ResultTime.cpp">
      <Filter>Application\Object\Object2D</Filter>
    </ClCompile>
    <ClCompile Include="src\Application\Object\Object2D\TitleChar.cpp">
      <Filter>Application\Object\Object2D</Filter>
    </ClCompile>
    <ClCompile Include="src\Application\Object\Object2D\StartSymbol.cpp">
      <Filter>Application\Object\Object2D</Filter>
    </ClCompile>
    <ClCompile Include="src\Application\Stage\Stage.cpp">
      <Filter>Application\Stage</Filter>
    </ClCompile>
    <ClCompile Include="src\Application\Tension\TensionTopLayer.cpp">
      <Filter>Application\Tension</Filter>
    </ClCompile>
    <ClCompile Include="src\Application\Tension\TensionGauge.cpp">
      <Filter>Application\Tension</Filter>
    </ClCompile>
    <ClCompile Include="src\Application\Effect\Effect.cpp">
      <Filter>Application\Effect</Filter>
    </ClCompile>
    <ClCompile Include="src\Application\Effect\EffectManager.cpp">
      <Filter>Application\Effect</Filter>
    </ClCompile>
    <ClCompile Include="src\Application\Object\Sang\Butterfly.cpp">
      <Filter>Application\Object\Sang</Filter>
    </ClCompile>
    <ClCompile Include="src\Application\Object\Sang\Flower.cpp">
      <Filter>Application\Object\Sang</Filter>
    </ClCompile>
    <ClCompile Include="src\Application\Object\Sang\SangManager.cpp">
      <Filter>Application\Object\Sang</Filter>
    </ClCompile>
    <ClCompile Include="src\Application\Tutorial\SceneTutorial.cpp">
      <Filter>Application\Tutorial</Filter>
    </ClCompile>
    <ClCompile Include="src\Application\Tutorial\SceneTutorialFactory.cpp">
      <Filter>Application\Tutorial</Filter>
    </ClCompile>
    <ClCompile Include="src\Application\Tutorial\TutorialEvent.cpp">
      <Filter>Application\Tutorial</Filter>
    </ClCompile>
    <ClCompile Include="src\Application\StageSelect\SceneStageSelect.cpp">
      <Filter>Application\StageSelect</Filter>
    </ClCompile>
    <ClCompile Include="src\Application\StageSelect\SceneStageSelectFactory.cpp">
      <Filter>Application\StageSelect</Filter>
    </ClCompile>
    <ClCompile Include="src\Application\GameCursor\GameCursor.cpp">
      <Filter>Application\GameCursor</Filter>
    </ClCompile>
    <ClCompile Include="src\Application\Object\Object2D\Cursor.cpp">
      <Filter>Application\Object\Object2D</Filter>
    </ClCompile>
    <ClCompile Include="src\Application\Thumbnail\Thumbnail.cpp">
      <Filter>Application\Thumbnail</Filter>
    </ClCompile>
  </ItemGroup>
  <ItemGroup>
    <Filter Include="Framework">
      <UniqueIdentifier>{02395949-b65f-4041-858f-2fa1ddcedb55}</UniqueIdentifier>
    </Filter>
    <Filter Include="Framework\Input">
      <UniqueIdentifier>{f7f88bf7-5648-4ba6-82fe-048d7e779460}</UniqueIdentifier>
    </Filter>
    <Filter Include="Framework\GameWindow">
      <UniqueIdentifier>{7a7a056e-865d-4683-9f46-47b6aaeda5ed}</UniqueIdentifier>
    </Filter>
    <Filter Include="Framework\GameManager">
      <UniqueIdentifier>{b104d2dc-0876-4e6d-96b7-89797658cea2}</UniqueIdentifier>
    </Filter>
    <Filter Include="Framework\DebugProc">
      <UniqueIdentifier>{dd43e5e3-0af4-4ec5-b50e-9691adcfe518}</UniqueIdentifier>
    </Filter>
    <Filter Include="Application">
      <UniqueIdentifier>{61480032-ff38-48c8-88bb-556af0cd28e0}</UniqueIdentifier>
    </Filter>
    <Filter Include="Application\Game">
      <UniqueIdentifier>{81e8dd5c-1252-4a12-ad2d-0317be6ac049}</UniqueIdentifier>
    </Filter>
    <Filter Include="Framework\Scene">
      <UniqueIdentifier>{ed4b64ca-8097-402d-beda-da6e5796c762}</UniqueIdentifier>
    </Filter>
    <Filter Include="Framework\Utilty">
      <UniqueIdentifier>{8ec75a8d-4feb-4148-b696-68eedc292fc0}</UniqueIdentifier>
    </Filter>
    <Filter Include="Application\Object">
      <UniqueIdentifier>{60a15112-63c0-4554-a54a-f3c7933da294}</UniqueIdentifier>
    </Filter>
    <Filter Include="Framework\DirectXHelper">
      <UniqueIdentifier>{3347a84d-44ca-4b90-8185-41b56a55c987}</UniqueIdentifier>
    </Filter>
    <Filter Include="Framework\Texture">
      <UniqueIdentifier>{a9e61099-2c94-479b-bd6c-f040c3081d78}</UniqueIdentifier>
    </Filter>
    <Filter Include="Application\Object\AnimationObject">
      <UniqueIdentifier>{d5f2e1e4-71ae-46c1-b77c-4ee8d9d23f1f}</UniqueIdentifier>
    </Filter>
    <Filter Include="Application\Stage">
      <UniqueIdentifier>{5134f3d7-42b3-41b2-b021-4dcc49abff76}</UniqueIdentifier>
    </Filter>
    <Filter Include="Application\Object\Object2D">
      <UniqueIdentifier>{38779537-8e3c-4d87-b938-555cded9b21b}</UniqueIdentifier>
    </Filter>
    <Filter Include="Application\Tension">
      <UniqueIdentifier>{fddd6bb5-c4ce-4087-8eea-f15e377c6305}</UniqueIdentifier>
    </Filter>
    <Filter Include="Application\Utility">
      <UniqueIdentifier>{68fbf595-3a3c-4487-8014-a2415cd9a7c0}</UniqueIdentifier>
    </Filter>
    <Filter Include="Framework\Sound">
      <UniqueIdentifier>{a60a3f9c-2c35-48ee-a1c3-fcd12fe60b69}</UniqueIdentifier>
    </Filter>
    <Filter Include="Application\Object\BackGround">
      <UniqueIdentifier>{fe9ca15b-dfef-447d-8438-cd58c166c0bc}</UniqueIdentifier>
    </Filter>
    <Filter Include="Application\Collision">
      <UniqueIdentifier>{913f5645-3923-4e97-a42d-5d7d84973616}</UniqueIdentifier>
    </Filter>
    <Filter Include="Framework\Collision">
      <UniqueIdentifier>{7de7ffc2-cac3-423a-82c8-581ad7a733cb}</UniqueIdentifier>
    </Filter>
    <Filter Include="Application\Controler">
      <UniqueIdentifier>{46d0886d-b649-4083-962b-ef4adafe807b}</UniqueIdentifier>
    </Filter>
    <Filter Include="Application\Camera">
      <UniqueIdentifier>{ed525701-73be-458c-8b24-a0a64ef62b38}</UniqueIdentifier>
    </Filter>
    <Filter Include="Framework\DrawDebugPrimitive">
      <UniqueIdentifier>{449fa718-1519-4ef5-9dbb-725aa2df5ecd}</UniqueIdentifier>
    </Filter>
    <Filter Include="Framework\Fade">
      <UniqueIdentifier>{2dbea2c3-7b29-4d34-ab14-55e01ae717ea}</UniqueIdentifier>
    </Filter>
    <Filter Include="Application\Title">
      <UniqueIdentifier>{61c2591d-5ac7-4cd8-8bfb-008034975faf}</UniqueIdentifier>
    </Filter>
    <Filter Include="Application\TitleBase">
      <UniqueIdentifier>{9924af77-5677-44e8-8c3a-2da8237165ef}</UniqueIdentifier>
    </Filter>
    <Filter Include="Application\Result">
      <UniqueIdentifier>{deaf217b-6ced-479c-9067-c292c7d7e706}</UniqueIdentifier>
    </Filter>
    <Filter Include="Application\Effect">
      <UniqueIdentifier>{afb87c8c-f893-4b65-8a66-e855a9fa1413}</UniqueIdentifier>
    </Filter>
    <Filter Include="Application\Object\Sang">
      <UniqueIdentifier>{d2236299-a497-4b49-a696-d13fc7e500dc}</UniqueIdentifier>
    </Filter>
    <Filter Include="Application\Tutorial">
      <UniqueIdentifier>{e113e8b4-99b4-4daf-95aa-9234b839b02f}</UniqueIdentifier>
    </Filter>
    <Filter Include="Application\StageSelect">
      <UniqueIdentifier>{17b4abe7-d42d-4c28-b924-55978ff82b2c}</UniqueIdentifier>
    </Filter>
    <Filter Include="Application\GameCursor">
      <UniqueIdentifier>{1e78c66f-4c9a-4e53-9141-0d8d9963cb88}</UniqueIdentifier>
    </Filter>
    <Filter Include="Application\Thumbnail">
      <UniqueIdentifier>{77388755-8d4e-46b0-9dac-0407a730cd47}</UniqueIdentifier>
    </Filter>
  </ItemGroup>
  <ItemGroup>
    <ClInclude Include="src\Framework\Input\Input.h">
      <Filter>Framework\Input</Filter>
    </ClInclude>
    <ClInclude Include="src\Framework\Input\InputDevice.h">
      <Filter>Framework\Input</Filter>
    </ClInclude>
    <ClInclude Include="src\Framework\Input\InputDirect.h">
      <Filter>Framework\Input</Filter>
    </ClInclude>
    <ClInclude Include="src\Framework\Input\InputKeyboard.h">
      <Filter>Framework\Input</Filter>
    </ClInclude>
    <ClInclude Include="src\Framework\Input\InputManager.h">
      <Filter>Framework\Input</Filter>
    </ClInclude>
    <ClInclude Include="src\Framework\Input\InputMouse.h">
      <Filter>Framework\Input</Filter>
    </ClInclude>
    <ClInclude Include="src\Framework\Input\InputXInput.h">
      <Filter>Framework\Input</Filter>
    </ClInclude>
    <ClInclude Include="src\Framework\GameWindow\GameBase.h">
      <Filter>Framework\GameWindow</Filter>
    </ClInclude>
    <ClInclude Include="src\Framework\GameWindow\GameDirectX.h">
      <Filter>Framework\GameWindow</Filter>
    </ClInclude>
    <ClInclude Include="src\Framework\GameWindow\GameWindow.h">
      <Filter>Framework\GameWindow</Filter>
    </ClInclude>
    <ClInclude Include="src\Framework\GameManager\GameManager.h">
      <Filter>Framework\GameManager</Filter>
    </ClInclude>
    <ClInclude Include="src\Framework\DebugProc\DebugProc.h">
      <Filter>Framework\DebugProc</Filter>
    </ClInclude>
    <ClInclude Include="src\Framework\Scene\SceneManager.h">
      <Filter>Framework\Scene</Filter>
    </ClInclude>
    <ClInclude Include="src\Framework\Scene\Scene.h">
      <Filter>Framework\Scene</Filter>
    </ClInclude>
    <ClInclude Include="src\Framework\Scene\SceneFactory.h">
      <Filter>Framework\Scene</Filter>
    </ClInclude>
    <ClInclude Include="src\Framework\Utility\SafeDelete.h">
      <Filter>Framework\Utilty</Filter>
    </ClInclude>
    <ClInclude Include="src\Framework\Utility\SafeRelease.h">
      <Filter>Framework\Utilty</Filter>
    </ClInclude>
    <ClInclude Include="src\Application\Game\SceneGame.h">
      <Filter>Application\Game</Filter>
    </ClInclude>
    <ClInclude Include="src\Application\Game\SceneGameFactory.h">
      <Filter>Application\Game</Filter>
    </ClInclude>
    <ClInclude Include="src\Framework\Utility\Utility.h">
      <Filter>Framework\Utilty</Filter>
    </ClInclude>
    <ClInclude Include="src\Application\Object\Object.h">
      <Filter>Application\Object</Filter>
    </ClInclude>
    <ClInclude Include="src\Framework\DirectX\DeviceHolder.h">
      <Filter>Framework\DirectXHelper</Filter>
    </ClInclude>
    <ClInclude Include="src\Framework\Utility\ThreadingModel.hpp">
      <Filter>Framework\Utilty</Filter>
    </ClInclude>
    <ClInclude Include="src\Framework\Utility\Creation.hpp">
      <Filter>Framework\Utilty</Filter>
    </ClInclude>
    <ClInclude Include="src\Framework\Utility\Lifetime.hpp">
      <Filter>Framework\Utilty</Filter>
    </ClInclude>
    <ClInclude Include="src\Framework\Utility\SingletonHolder.hpp">
      <Filter>Framework\Utilty</Filter>
    </ClInclude>
    <ClInclude Include="src\Framework\DirectX\DirectXConst.h">
      <Filter>Framework\DirectXHelper</Filter>
    </ClInclude>
    <ClInclude Include="src\Framework\Input\InputManagerHolder.h">
      <Filter>Framework\Input</Filter>
    </ClInclude>
    <ClInclude Include="src\Framework\Texture\TextureManager.h">
      <Filter>Framework\Texture</Filter>
    </ClInclude>
    <ClInclude Include="src\Framework\Texture\TextureManagerHolder.h">
      <Filter>Framework\Texture</Filter>
    </ClInclude>
    <ClInclude Include="src\Framework\Utility\MathUtility.hpp">
      <Filter>Framework\Utilty</Filter>
    </ClInclude>
    <ClInclude Include="src\Framework\Utility\Mutex.h">
      <Filter>Framework\Utilty</Filter>
    </ClInclude>
    <ClInclude Include="src\Framework\Utility\MutexCreator.h">
      <Filter>Framework\Utilty</Filter>
    </ClInclude>
    <ClInclude Include="src\Framework\Utility\HandyLeakCheck.h">
      <Filter>Framework\Utilty</Filter>
    </ClInclude>
    <ClInclude Include="src\Framework\Utility\MathConst.h">
      <Filter>Framework\Utilty</Filter>
    </ClInclude>
    <ClInclude Include="src\Framework\Utility\Macro.h">
      <Filter>Framework\Utilty</Filter>
    </ClInclude>
    <ClInclude Include="src\Application\Object\AnimationObject\AnimationObject.h">
      <Filter>Application\Object\AnimationObject</Filter>
    </ClInclude>
    <ClInclude Include="src\Application\Object\AnimationObject\TextureAnimation.h">
      <Filter>Application\Object\AnimationObject</Filter>
    </ClInclude>
    <ClInclude Include="src\Application\Object\Uriel.h">
      <Filter>Application\Object</Filter>
    </ClInclude>
    <ClInclude Include="src\Application\Object\Tori.h">
      <Filter>Application\Object</Filter>
    </ClInclude>
    <ClInclude Include="src\Application\Object\player.h">
      <Filter>Application\Object</Filter>
    </ClInclude>
    <ClInclude Include="src\stdafx.h" />
    <ClInclude Include="src\Application\Object\Ready.h">
      <Filter>Application\Object</Filter>
    </ClInclude>
    <ClInclude Include="src\Application\Object\ObjectBase.h">
      <Filter>Application\Object</Filter>
    </ClInclude>
    <ClInclude Include="src\Application\Object\ObjectBase.h">
      <Filter>Application\Object</Filter>
    </ClInclude>
    <ClInclude Include="src\Application\Object\Object2D\Object2D.h">
      <Filter>Application\Object\Object2D</Filter>
    </ClInclude>
    <ClInclude Include="src\Application\Object\Object2D\Frame.h">
      <Filter>Application\Object\Object2D</Filter>
    </ClInclude>
    <ClInclude Include="src\Application\Object\Object2D\Board.h">
      <Filter>Application\Object\Object2D</Filter>
    </ClInclude>
    <ClInclude Include="src\Application\Object\Object2D\Bar.h">
      <Filter>Application\Object\Object2D</Filter>
    </ClInclude>
    <ClInclude Include="src\Application\Utility\ValuePassiveUpdater.h">
      <Filter>Application\Utility</Filter>
    </ClInclude>
    <ClInclude Include="src\Application\Utility\ValueActiveUpdater.h">
      <Filter>Application\Utility</Filter>
    </ClInclude>
    <ClInclude Include="src\Framework\Sound\sound.h">
      <Filter>Framework\Sound</Filter>
    </ClInclude>
    <ClInclude Include="src\Application\Object\BackGround\BackGround.h">
      <Filter>Application\Object\BackGround</Filter>
    </ClInclude>
    <ClInclude Include="src\Application\Object\BackGround\BackGroundManager.h">
      <Filter>Application\Object\BackGround</Filter>
    </ClInclude>
    <ClInclude Include="src\Application\Collison\Collision.h">
      <Filter>Application\Collision</Filter>
    </ClInclude>
    <ClInclude Include="src\Framework\Collision\CollisionHelper.h">
      <Filter>Framework\Collision</Filter>
    </ClInclude>
    <ClInclude Include="src\Application\Object\Object2D\Timer.h">
      <Filter>Application\Object\Object2D</Filter>
    </ClInclude>
    <ClInclude Include="src\Application\Object\Object2D\NumberObject.h">
      <Filter>Application\Object\Object2D</Filter>
    </ClInclude>
    <ClInclude Include="src\Application\Controller\InputController.h">
      <Filter>Application\Controler</Filter>
    </ClInclude>
    <ClInclude Include="src\Application\Camera\camera.h">
      <Filter>Application\Camera</Filter>
    </ClInclude>
    <ClInclude Include="src\Application\common.h">
      <Filter>Application</Filter>
    </ClInclude>
    <ClInclude Include="src\Framework\FrameworkOption.h">
      <Filter>Framework</Filter>
    </ClInclude>
    <ClInclude Include="src\Framework\DrawDebugPrimitive\DrawPrimitive.h">
      <Filter>Framework\DrawDebugPrimitive</Filter>
    </ClInclude>
    <ClInclude Include="src\Framework\Fade\Fade.h">
      <Filter>Framework\Fade</Filter>
    </ClInclude>
    <ClInclude Include="src\Application\Result\SceneResult.h">
      <Filter>Application\Result</Filter>
    </ClInclude>
    <ClInclude Include="src\Application\Result\SceneResultFactory.h">
      <Filter>Application\Result</Filter>
    </ClInclude>
    <ClInclude Include="src\Application\Title\SceneTitleFactory.h">
      <Filter>Application\Title</Filter>
    </ClInclude>
    <ClInclude Include="src\Application\Title\SceneTitle.h">
      <Filter>Application\Title</Filter>
    </ClInclude>
    <ClInclude Include="src\Application\TitleBase\TitleCharBase.h">
      <Filter>Application\TitleBase</Filter>
    </ClInclude>
    <ClInclude Include="src\Application\Object\Object2D\TitleChar.h">
      <Filter>Application\Object\Object2D</Filter>
    </ClInclude>
    <ClInclude Include="src\Application\Object\Object2D\ResultTime.h">
      <Filter>Application\Object\Object2D</Filter>
    </ClInclude>
    <ClInclude Include="src\Application\Object\Object2D\StartSymbol.h">
      <Filter>Application\Object\Object2D</Filter>
    </ClInclude>
    <ClInclude Include="src\Application\Stage\Stage.h">
      <Filter>Application\Stage</Filter>
    </ClInclude>
    <ClInclude Include="src\Application\Tension\TensionTopLayer.h">
      <Filter>Application\Tension</Filter>
    </ClInclude>
    <ClInclude Include="src\Application\Tension\TensionGauge.h">
      <Filter>Application\Tension</Filter>
    </ClInclude>
    <ClInclude Include="src\Application\Effect\Effect.h">
      <Filter>Application\Effect</Filter>
    </ClInclude>
    <ClInclude Include="src\Application\Effect\EffectManager.h">
      <Filter>Application\Effect</Filter>
    </ClInclude>
    <ClInclude Include="src\Application\Object\Sang\Butterfly.h">
      <Filter>Application\Object\Sang</Filter>
    </ClInclude>
    <ClInclude Include="src\Application\Object\Sang\Flower.h">
      <Filter>Application\Object\Sang</Filter>
    </ClInclude>
    <ClInclude Include="src\Application\Object\Sang\SangManager.h">
      <Filter>Application\Object\Sang</Filter>
    </ClInclude>
    <ClInclude Include="src\Application\Tutorial\SceneTutorial.h">
      <Filter>Application\Tutorial</Filter>
    </ClInclude>
    <ClInclude Include="src\Application\Tutorial\SceneTutorialFactory.h">
      <Filter>Application\Tutorial</Filter>
    </ClInclude>
    <ClInclude Include="src\Application\Tutorial\TutorialEvent.h">
      <Filter>Application\Tutorial</Filter>
    </ClInclude>
    <ClInclude Include="src\Application\StageSelect\SceneStageSelect.h">
      <Filter>Application\StageSelect</Filter>
    </ClInclude>
    <ClInclude Include="src\Application\StageSelect\SceneStageSelectFactory.h">
      <Filter>Application\StageSelect</Filter>
    </ClInclude>
    <ClInclude Include="src\Application\GameCursor\GameCursor.h">
      <Filter>Application\GameCursor</Filter>
    </ClInclude>
    <ClInclude Include="src\Application\Utility\WrapValue.h">
      <Filter>Application\Utility</Filter>
    </ClInclude>
    <ClInclude Include="src\Application\Object\Object2D\Cursor.h">
      <Filter>Application\Object\Object2D</Filter>
    </ClInclude>
    <ClInclude Include="src\Application\Thumbnail\Thumbnail.h">
      <Filter>Application\Thumbnail</Filter>
    </ClInclude>
  </ItemGroup>
  <ItemGroup>
    <None Include="src\Framework\Utility\MathUtility.inl">
      <Filter>Framework\Utilty</Filter>
    </None>
  </ItemGroup>
</Project>